
Microsoft Visual Studio Solution File, Format Version 12.00
# Visual Studio Version 17
VisualStudioVersion = 17.3.32901.215
MinimumVisualStudioVersion = 10.0.40219.1
Project("{FAE04EC0-301F-11D3-BF4B-00C04F79EFBC}") = "Hackathon GUI Design", "Hackathon GUI Design\Hackathon GUI Design.csproj", "{7F7C6440-4C33-4AD4-BB87-C938301DB76C}"
EndProject
Global
	GlobalSection(SolutionConfigurationPlatforms) = preSolution
		Debug|Any CPU = Debug|Any CPU
		Release|Any CPU = Release|Any CPU
	EndGlobalSection
	GlobalSection(ProjectConfigurationPlatforms) = postSolution
		{7F7C6440-4C33-4AD4-BB87-C938301DB76C}.Debug|Any CPU.ActiveCfg = Debug|Any CPU
		{7F7C6440-4C33-4AD4-BB87-C938301DB76C}.Debug|Any CPU.Build.0 = Debug|Any CPU
		{7F7C6440-4C33-4AD4-BB87-C938301DB76C}.Release|Any CPU.ActiveCfg = Release|Any CPU
		{7F7C6440-4C33-4AD4-BB87-C938301DB76C}.Release|Any CPU.Build.0 = Release|Any CPU
	EndGlobalSection
	GlobalSection(SolutionProperties) = preSolution
		HideSolutionNode = FALSE
	EndGlobalSection
	GlobalSection(ExtensibilityGlobals) = postSolution
		SolutionGuid = {D5DE246A-0C4D-4630-B67F-15BE3E24B8EA}
	EndGlobalSection
EndGlobal
